
Microsoft Visual Studio Solution File, Format Version 12.00
# Visual Studio Version 16
VisualStudioVersion = 16.0.32510.428
MinimumVisualStudioVersion = 10.0.40219.1
Project("{FAE04EC0-301F-11D3-BF4B-00C04F79EFBC}") = "Lab_1_Model", "Lab_1_Model\Lab_1_Model.csproj", "{20718DB8-7691-4A7C-BBD1-0832A0A06587}"
EndProject
Project("{2150E333-8FDC-42A3-9474-1A3956D46DE8}") = "1 laba", "1 laba", "{E14EBB07-179D-41D1-AE83-8B3F4B68C3A1}"
EndProject
Project("{2150E333-8FDC-42A3-9474-1A3956D46DE8}") = "model", "model", "{A408DF6D-6C4F-442D-BA34-70A236A23FF1}"
EndProject
Project("{2150E333-8FDC-42A3-9474-1A3956D46DE8}") = "View", "View", "{831E22EC-6875-4316-82DE-C7D77B09153E}"
EndProject
Project("{FAE04EC0-301F-11D3-BF4B-00C04F79EFBC}") = "Lab_1_View", "Lab_1_View\Lab_1_View.csproj", "{91730431-DDB7-4D05-A7BD-9A7E1BFEE7D3}"
EndProject
Project("{2150E333-8FDC-42A3-9474-1A3956D46DE8}") = "2 laba", "2 laba", "{880556D1-347A-4DB9-8595-3E710165E53A}"
EndProject
Project("{2150E333-8FDC-42A3-9474-1A3956D46DE8}") = "Model", "Model", "{AA0B8C2E-E0BD-463E-A7C2-BC79A95402AA}"
EndProject
Project("{2150E333-8FDC-42A3-9474-1A3956D46DE8}") = "View", "View", "{35B44E12-EA4C-4693-B08E-4D4D0C9496AD}"
EndProject
Project("{FAE04EC0-301F-11D3-BF4B-00C04F79EFBC}") = "Lab_2_Model", "Lab_2_Model\Lab_2_Model.csproj", "{1239FFC7-134D-4576-B77D-CE7AFF6484EB}"
EndProject
Project("{FAE04EC0-301F-11D3-BF4B-00C04F79EFBC}") = "Lab_2_View", "Lab_2_View\Lab_2_View.csproj", "{17BDCF62-BCEB-4EEC-AFC7-98BD6E0E2293}"
EndProject
Project("{2150E333-8FDC-42A3-9474-1A3956D46DE8}") = "3 laba", "3 laba", "{0D2DDE5B-F42B-4381-BE85-2E081E9B787A}"
EndProject
Project("{2150E333-8FDC-42A3-9474-1A3956D46DE8}") = "Model", "Model", "{E94B1228-6FF9-4521-AE58-598F0E988C26}"
EndProject
Project("{2150E333-8FDC-42A3-9474-1A3956D46DE8}") = "View", "View", "{837DB1B0-7C4E-455F-BFC5-EF45EF7BFEE1}"
EndProject
Project("{FAE04EC0-301F-11D3-BF4B-00C04F79EFBC}") = "Lab_3_Model", "Lab_3_Model\Lab_3_Model.csproj", "{64011637-99DB-43F0-AFCA-B9E32971933C}"
EndProject
Project("{FAE04EC0-301F-11D3-BF4B-00C04F79EFBC}") = "Lab_3_View", "Lab_3_View\Lab_3_View.csproj", "{B4926DCB-156C-44B7-9DE1-68875CE45C45}"
EndProject
Global
	GlobalSection(SolutionConfigurationPlatforms) = preSolution
		Debug|Any CPU = Debug|Any CPU
		Release|Any CPU = Release|Any CPU
	EndGlobalSection
	GlobalSection(ProjectConfigurationPlatforms) = postSolution
		{20718DB8-7691-4A7C-BBD1-0832A0A06587}.Debug|Any CPU.ActiveCfg = Debug|Any CPU
		{20718DB8-7691-4A7C-BBD1-0832A0A06587}.Debug|Any CPU.Build.0 = Debug|Any CPU
		{20718DB8-7691-4A7C-BBD1-0832A0A06587}.Release|Any CPU.ActiveCfg = Release|Any CPU
		{20718DB8-7691-4A7C-BBD1-0832A0A06587}.Release|Any CPU.Build.0 = Release|Any CPU
		{91730431-DDB7-4D05-A7BD-9A7E1BFEE7D3}.Debug|Any CPU.ActiveCfg = Debug|Any CPU
		{91730431-DDB7-4D05-A7BD-9A7E1BFEE7D3}.Debug|Any CPU.Build.0 = Debug|Any CPU
		{91730431-DDB7-4D05-A7BD-9A7E1BFEE7D3}.Release|Any CPU.ActiveCfg = Release|Any CPU
		{91730431-DDB7-4D05-A7BD-9A7E1BFEE7D3}.Release|Any CPU.Build.0 = Release|Any CPU
		{1239FFC7-134D-4576-B77D-CE7AFF6484EB}.Debug|Any CPU.ActiveCfg = Debug|Any CPU
		{1239FFC7-134D-4576-B77D-CE7AFF6484EB}.Debug|Any CPU.Build.0 = Debug|Any CPU
		{1239FFC7-134D-4576-B77D-CE7AFF6484EB}.Release|Any CPU.ActiveCfg = Release|Any CPU
		{1239FFC7-134D-4576-B77D-CE7AFF6484EB}.Release|Any CPU.Build.0 = Release|Any CPU
		{17BDCF62-BCEB-4EEC-AFC7-98BD6E0E2293}.Debug|Any CPU.ActiveCfg = Debug|Any CPU
		{17BDCF62-BCEB-4EEC-AFC7-98BD6E0E2293}.Debug|Any CPU.Build.0 = Debug|Any CPU
		{17BDCF62-BCEB-4EEC-AFC7-98BD6E0E2293}.Release|Any CPU.ActiveCfg = Release|Any CPU
		{17BDCF62-BCEB-4EEC-AFC7-98BD6E0E2293}.Release|Any CPU.Build.0 = Release|Any CPU
		{64011637-99DB-43F0-AFCA-B9E32971933C}.Debug|Any CPU.ActiveCfg = Debug|Any CPU
		{64011637-99DB-43F0-AFCA-B9E32971933C}.Debug|Any CPU.Build.0 = Debug|Any CPU
		{64011637-99DB-43F0-AFCA-B9E32971933C}.Release|Any CPU.ActiveCfg = Release|Any CPU
		{64011637-99DB-43F0-AFCA-B9E32971933C}.Release|Any CPU.Build.0 = Release|Any CPU
		{B4926DCB-156C-44B7-9DE1-68875CE45C45}.Debug|Any CPU.ActiveCfg = Debug|Any CPU
		{B4926DCB-156C-44B7-9DE1-68875CE45C45}.Debug|Any CPU.Build.0 = Debug|Any CPU
		{B4926DCB-156C-44B7-9DE1-68875CE45C45}.Release|Any CPU.ActiveCfg = Release|Any CPU
		{B4926DCB-156C-44B7-9DE1-68875CE45C45}.Release|Any CPU.Build.0 = Release|Any CPU
	EndGlobalSection
	GlobalSection(SolutionProperties) = preSolution
		HideSolutionNode = FALSE
	EndGlobalSection
	GlobalSection(NestedProjects) = preSolution
		{20718DB8-7691-4A7C-BBD1-0832A0A06587} = {A408DF6D-6C4F-442D-BA34-70A236A23FF1}
		{A408DF6D-6C4F-442D-BA34-70A236A23FF1} = {E14EBB07-179D-41D1-AE83-8B3F4B68C3A1}
		{831E22EC-6875-4316-82DE-C7D77B09153E} = {E14EBB07-179D-41D1-AE83-8B3F4B68C3A1}
		{91730431-DDB7-4D05-A7BD-9A7E1BFEE7D3} = {831E22EC-6875-4316-82DE-C7D77B09153E}
		{AA0B8C2E-E0BD-463E-A7C2-BC79A95402AA} = {880556D1-347A-4DB9-8595-3E710165E53A}
		{35B44E12-EA4C-4693-B08E-4D4D0C9496AD} = {880556D1-347A-4DB9-8595-3E710165E53A}
		{1239FFC7-134D-4576-B77D-CE7AFF6484EB} = {AA0B8C2E-E0BD-463E-A7C2-BC79A95402AA}
		{17BDCF62-BCEB-4EEC-AFC7-98BD6E0E2293} = {35B44E12-EA4C-4693-B08E-4D4D0C9496AD}
		{E94B1228-6FF9-4521-AE58-598F0E988C26} = {0D2DDE5B-F42B-4381-BE85-2E081E9B787A}
		{837DB1B0-7C4E-455F-BFC5-EF45EF7BFEE1} = {0D2DDE5B-F42B-4381-BE85-2E081E9B787A}
		{64011637-99DB-43F0-AFCA-B9E32971933C} = {E94B1228-6FF9-4521-AE58-598F0E988C26}
		{B4926DCB-156C-44B7-9DE1-68875CE45C45} = {837DB1B0-7C4E-455F-BFC5-EF45EF7BFEE1}
	EndGlobalSection
	GlobalSection(ExtensibilityGlobals) = postSolution
		SolutionGuid = {D4CAFB74-E83F-43B6-9AEE-2AC1D5BDEE26}
	EndGlobalSection
EndGlobal
